{
  "originHash" : "dca0bd4aae994bff27b7e2bbd5d629fb5cd1dcca22ebb5eac0672647e4ffb379",
  "pins" : [
    {
      "identity" : "swift-async-dns-resolver",
      "kind" : "remoteSourceControl",
      "location" : "https://github.com/apple/swift-async-dns-resolver",
      "state" : {
        "revision" : "9900d9b4113427a170d5f26075c2128be94984df",
        "version" : "0.7.0"
      }
    }
  ],
  "version" : 3
}
